
Microsoft Visual Studio Solution File, Format Version 12.00
# Visual Studio 14
VisualStudioVersion = 14.0.25420.1
MinimumVisualStudioVersion = 10.0.40219.1
Project("{FAE04EC0-301F-11D3-BF4B-00C04F79EFBC}") = "Angular2VisualStudioTemplate", "Angular2VisualStudioTemplate\Angular2VisualStudioTemplate.csproj", "{40634F0E-CE64-4CA1-B158-C522A574C1E4}"
EndProject
Project("{FAE04EC0-301F-11D3-BF4B-00C04F79EFBC}") = "Angular2VisualStudioTemplateVSIX", "Angular2VisualStudioTemplateVSIX\Angular2VisualStudioTemplateVSIX.csproj", "{391F536D-D93B-498B-BD51-FC0FD272FFD4}"
EndProject
Global
	GlobalSection(SolutionConfigurationPlatforms) = preSolution
		Debug|Any CPU = Debug|Any CPU
		Release|Any CPU = Release|Any CPU
	EndGlobalSection
	GlobalSection(ProjectConfigurationPlatforms) = postSolution
		{40634F0E-CE64-4CA1-B158-C522A574C1E4}.Debug|Any CPU.ActiveCfg = Debug|Any CPU
		{40634F0E-CE64-4CA1-B158-C522A574C1E4}.Debug|Any CPU.Build.0 = Debug|Any CPU
		{40634F0E-CE64-4CA1-B158-C522A574C1E4}.Release|Any CPU.ActiveCfg = Release|Any CPU
		{40634F0E-CE64-4CA1-B158-C522A574C1E4}.Release|Any CPU.Build.0 = Release|Any CPU
		{391F536D-D93B-498B-BD51-FC0FD272FFD4}.Debug|Any CPU.ActiveCfg = Debug|Any CPU
		{391F536D-D93B-498B-BD51-FC0FD272FFD4}.Debug|Any CPU.Build.0 = Debug|Any CPU
		{391F536D-D93B-498B-BD51-FC0FD272FFD4}.Release|Any CPU.ActiveCfg = Release|Any CPU
		{391F536D-D93B-498B-BD51-FC0FD272FFD4}.Release|Any CPU.Build.0 = Release|Any CPU
	EndGlobalSection
	GlobalSection(SolutionProperties) = preSolution
		HideSolutionNode = FALSE
	EndGlobalSection
EndGlobal
